
Microsoft Visual Studio Solution File, Format Version 12.00
# Visual Studio 15
VisualStudioVersion = 15.0.28010.2041
MinimumVisualStudioVersion = 10.0.40219.1
Project("{9A19103F-16F7-4668-BE54-9A1E7A4F7556}") = "Cookbook.Web.Server", "Cookbook.Web.Server\Cookbook.Web.Server.csproj", "{9E4B8C35-3493-413E-BB53-7D639A9D631C}"
EndProject
Project("{9A19103F-16F7-4668-BE54-9A1E7A4F7556}") = "Cookbook.Web.Client", "Cookbook.Web.Client\Cookbook.Web.Client.csproj", "{CF971CA7-6481-4A79-BDC1-47D559DBDF9F}"
EndProject
Project("{2150E333-8FDC-42A3-9474-1A3956D46DE8}") = "00 Solution Items", "00 Solution Items", "{3CECC5A6-CFAB-400E-802B-ABAAC2ECDCF5}"
EndProject
Project("{2150E333-8FDC-42A3-9474-1A3956D46DE8}") = "01 Domain Layer", "01 Domain Layer", "{56544A95-BD4F-47E8-A20D-6C28D08E8B2B}"
EndProject
Project("{2150E333-8FDC-42A3-9474-1A3956D46DE8}") = "02 Infrastructure Layer", "02 Infrastructure Layer", "{1DA93B9B-FC1A-4E55-A60D-5C4BB3C26378}"
EndProject
Project("{2150E333-8FDC-42A3-9474-1A3956D46DE8}") = "03 Data Layer", "03 Data Layer", "{8BD30C03-866C-4EA6-83CA-F998A682AECE}"
EndProject
Project("{2150E333-8FDC-42A3-9474-1A3956D46DE8}") = "04 Application Layer", "04 Application Layer", "{7B52A128-E6F6-43E9-9EE5-BC3509A68981}"
EndProject
Project("{9A19103F-16F7-4668-BE54-9A1E7A4F7556}") = "Cookbook.Business", "Cookbook.Business\Cookbook.Business.csproj", "{B45DD9DF-2C5D-4340-BFD0-A700BE639AE2}"
EndProject
Project("{9A19103F-16F7-4668-BE54-9A1E7A4F7556}") = "Cookbook.Dtos", "Cookbook.Dtos\Cookbook.Dtos.csproj", "{FC215885-0BE3-4808-861F-1646A13000D5}"
EndProject
Project("{9A19103F-16F7-4668-BE54-9A1E7A4F7556}") = "Cookbook.Db", "Cookbook.Db\Cookbook.Db.csproj", "{F49E78C2-43D6-409A-858C-F1DB6DBD0EC1}"
EndProject
Project("{9A19103F-16F7-4668-BE54-9A1E7A4F7556}") = "Cookbook.Domain", "Cookbook.Domain\Cookbook.Domain.csproj", "{644403E7-6BFB-4D3A-8114-512AB2A88439}"
EndProject
Project("{2150E333-8FDC-42A3-9474-1A3956D46DE8}") = "05 Server", "05 Server", "{3CEB3262-A1A0-4ECC-B8BA-F4E2273C3FE7}"
EndProject
Project("{00D1A9C2-B5F0-4AF3-8072-F6C62B433612}") = "Cookbook.Sql", "Cookbook.Sql\Cookbook.Sql.sqlproj", "{5810F28F-B187-4B91-9CDD-871EB1CEDDF8}"
EndProject
Project("{2150E333-8FDC-42A3-9474-1A3956D46DE8}") = "06 Client", "06 Client", "{974A272A-AEFD-416F-B0A2-2D3AA01933DA}"
EndProject
Project("{FAE04EC0-301F-11D3-BF4B-00C04F79EFBC}") = "Cookbook.Web.Client.Services", "Cookbook.Web.Client.Services\Cookbook.Web.Client.Services.csproj", "{40002980-61E2-4FFD-99E7-1D0D08FA1E6F}"
EndProject
Project("{FAE04EC0-301F-11D3-BF4B-00C04F79EFBC}") = "Cookbook.Infrastructure", "Cookbook.Infrastructure\Cookbook.Infrastructure.csproj", "{2FF4C826-3238-44C8-B0EA-3998F69687C1}"
EndProject
Global
	GlobalSection(SolutionConfigurationPlatforms) = preSolution
		Debug|Any CPU = Debug|Any CPU
		Release|Any CPU = Release|Any CPU
	EndGlobalSection
	GlobalSection(ProjectConfigurationPlatforms) = postSolution
		{9E4B8C35-3493-413E-BB53-7D639A9D631C}.Debug|Any CPU.ActiveCfg = Debug|Any CPU
		{9E4B8C35-3493-413E-BB53-7D639A9D631C}.Debug|Any CPU.Build.0 = Debug|Any CPU
		{9E4B8C35-3493-413E-BB53-7D639A9D631C}.Release|Any CPU.ActiveCfg = Release|Any CPU
		{9E4B8C35-3493-413E-BB53-7D639A9D631C}.Release|Any CPU.Build.0 = Release|Any CPU
		{CF971CA7-6481-4A79-BDC1-47D559DBDF9F}.Debug|Any CPU.ActiveCfg = Debug|Any CPU
		{CF971CA7-6481-4A79-BDC1-47D559DBDF9F}.Debug|Any CPU.Build.0 = Debug|Any CPU
		{CF971CA7-6481-4A79-BDC1-47D559DBDF9F}.Release|Any CPU.ActiveCfg = Release|Any CPU
		{CF971CA7-6481-4A79-BDC1-47D559DBDF9F}.Release|Any CPU.Build.0 = Release|Any CPU
		{B45DD9DF-2C5D-4340-BFD0-A700BE639AE2}.Debug|Any CPU.ActiveCfg = Debug|Any CPU
		{B45DD9DF-2C5D-4340-BFD0-A700BE639AE2}.Debug|Any CPU.Build.0 = Debug|Any CPU
		{B45DD9DF-2C5D-4340-BFD0-A700BE639AE2}.Release|Any CPU.ActiveCfg = Release|Any CPU
		{B45DD9DF-2C5D-4340-BFD0-A700BE639AE2}.Release|Any CPU.Build.0 = Release|Any CPU
		{FC215885-0BE3-4808-861F-1646A13000D5}.Debug|Any CPU.ActiveCfg = Debug|Any CPU
		{FC215885-0BE3-4808-861F-1646A13000D5}.Debug|Any CPU.Build.0 = Debug|Any CPU
		{FC215885-0BE3-4808-861F-1646A13000D5}.Release|Any CPU.ActiveCfg = Release|Any CPU
		{FC215885-0BE3-4808-861F-1646A13000D5}.Release|Any CPU.Build.0 = Release|Any CPU
		{F49E78C2-43D6-409A-858C-F1DB6DBD0EC1}.Debug|Any CPU.ActiveCfg = Debug|Any CPU
		{F49E78C2-43D6-409A-858C-F1DB6DBD0EC1}.Debug|Any CPU.Build.0 = Debug|Any CPU
		{F49E78C2-43D6-409A-858C-F1DB6DBD0EC1}.Release|Any CPU.ActiveCfg = Release|Any CPU
		{F49E78C2-43D6-409A-858C-F1DB6DBD0EC1}.Release|Any CPU.Build.0 = Release|Any CPU
		{644403E7-6BFB-4D3A-8114-512AB2A88439}.Debug|Any CPU.ActiveCfg = Debug|Any CPU
		{644403E7-6BFB-4D3A-8114-512AB2A88439}.Debug|Any CPU.Build.0 = Debug|Any CPU
		{644403E7-6BFB-4D3A-8114-512AB2A88439}.Release|Any CPU.ActiveCfg = Release|Any CPU
		{644403E7-6BFB-4D3A-8114-512AB2A88439}.Release|Any CPU.Build.0 = Release|Any CPU
		{5810F28F-B187-4B91-9CDD-871EB1CEDDF8}.Debug|Any CPU.ActiveCfg = Debug|Any CPU
		{5810F28F-B187-4B91-9CDD-871EB1CEDDF8}.Debug|Any CPU.Build.0 = Debug|Any CPU
		{5810F28F-B187-4B91-9CDD-871EB1CEDDF8}.Debug|Any CPU.Deploy.0 = Debug|Any CPU
		{5810F28F-B187-4B91-9CDD-871EB1CEDDF8}.Release|Any CPU.ActiveCfg = Release|Any CPU
		{5810F28F-B187-4B91-9CDD-871EB1CEDDF8}.Release|Any CPU.Build.0 = Release|Any CPU
		{5810F28F-B187-4B91-9CDD-871EB1CEDDF8}.Release|Any CPU.Deploy.0 = Release|Any CPU
		{40002980-61E2-4FFD-99E7-1D0D08FA1E6F}.Debug|Any CPU.ActiveCfg = Debug|Any CPU
		{40002980-61E2-4FFD-99E7-1D0D08FA1E6F}.Debug|Any CPU.Build.0 = Debug|Any CPU
		{40002980-61E2-4FFD-99E7-1D0D08FA1E6F}.Release|Any CPU.ActiveCfg = Release|Any CPU
		{40002980-61E2-4FFD-99E7-1D0D08FA1E6F}.Release|Any CPU.Build.0 = Release|Any CPU
		{2FF4C826-3238-44C8-B0EA-3998F69687C1}.Debug|Any CPU.ActiveCfg = Debug|Any CPU
		{2FF4C826-3238-44C8-B0EA-3998F69687C1}.Debug|Any CPU.Build.0 = Debug|Any CPU
		{2FF4C826-3238-44C8-B0EA-3998F69687C1}.Release|Any CPU.ActiveCfg = Release|Any CPU
		{2FF4C826-3238-44C8-B0EA-3998F69687C1}.Release|Any CPU.Build.0 = Release|Any CPU
	EndGlobalSection
	GlobalSection(SolutionProperties) = preSolution
		HideSolutionNode = FALSE
	EndGlobalSection
	GlobalSection(NestedProjects) = preSolution
		{9E4B8C35-3493-413E-BB53-7D639A9D631C} = {3CEB3262-A1A0-4ECC-B8BA-F4E2273C3FE7}
		{CF971CA7-6481-4A79-BDC1-47D559DBDF9F} = {974A272A-AEFD-416F-B0A2-2D3AA01933DA}
		{B45DD9DF-2C5D-4340-BFD0-A700BE639AE2} = {7B52A128-E6F6-43E9-9EE5-BC3509A68981}
		{FC215885-0BE3-4808-861F-1646A13000D5} = {7B52A128-E6F6-43E9-9EE5-BC3509A68981}
		{F49E78C2-43D6-409A-858C-F1DB6DBD0EC1} = {8BD30C03-866C-4EA6-83CA-F998A682AECE}
		{644403E7-6BFB-4D3A-8114-512AB2A88439} = {56544A95-BD4F-47E8-A20D-6C28D08E8B2B}
		{5810F28F-B187-4B91-9CDD-871EB1CEDDF8} = {8BD30C03-866C-4EA6-83CA-F998A682AECE}
		{40002980-61E2-4FFD-99E7-1D0D08FA1E6F} = {974A272A-AEFD-416F-B0A2-2D3AA01933DA}
		{2FF4C826-3238-44C8-B0EA-3998F69687C1} = {1DA93B9B-FC1A-4E55-A60D-5C4BB3C26378}
	EndGlobalSection
	GlobalSection(ExtensibilityGlobals) = postSolution
		SolutionGuid = {951784C3-F08A-40BA-9278-FEA26B649E79}
	EndGlobalSection
EndGlobal
